
Microsoft Visual Studio Solution File, Format Version 12.00
# Visual Studio Version 16
VisualStudioVersion = 16.0.31729.503
MinimumVisualStudioVersion = 10.0.40219.1
Project("{2150E333-8FDC-42A3-9474-1A3956D46DE8}") = "1. SOLID", "1. SOLID", "{2148159A-C80A-457E-B258-D30DB36720B4}"
EndProject
Project("{2150E333-8FDC-42A3-9474-1A3956D46DE8}") = "2. Design Patterns", "2. Design Patterns", "{819EEC2F-958C-4409-A5B5-F203D5D06C8A}"
EndProject
Project("{2150E333-8FDC-42A3-9474-1A3956D46DE8}") = "1. Single Responsibility Principle", "1. Single Responsibility Principle", "{6079AE83-3F1A-4081-A954-4882ECF770A3}"
EndProject
Project("{2150E333-8FDC-42A3-9474-1A3956D46DE8}") = "2. Open Close Principle", "2. Open Close Principle", "{CB650942-3D54-4BEC-A096-8E1DD2F9FC06}"
EndProject
Project("{2150E333-8FDC-42A3-9474-1A3956D46DE8}") = "3. Liskov Substitution Principle", "3. Liskov Substitution Principle", "{294A964B-E148-447F-832A-5C80923C433D}"
EndProject
Project("{2150E333-8FDC-42A3-9474-1A3956D46DE8}") = "4. Interface Segregation Principle", "4. Interface Segregation Principle", "{6FD54338-CA08-48FA-9389-4E8557850202}"
EndProject
Project("{2150E333-8FDC-42A3-9474-1A3956D46DE8}") = "5. Dependency Inversion Principle", "5. Dependency Inversion Principle", "{0D6F83B3-097E-498B-ADCB-3252C21525E3}"
EndProject
Project("{2150E333-8FDC-42A3-9474-1A3956D46DE8}") = "1. Creational", "1. Creational", "{332C86D4-D167-489D-851F-CC3F08AE739D}"
EndProject
Project("{2150E333-8FDC-42A3-9474-1A3956D46DE8}") = "2. Behavioral", "2. Behavioral", "{F196E099-CA04-4353-8D69-6AA10BB1FA0A}"
EndProject
Project("{2150E333-8FDC-42A3-9474-1A3956D46DE8}") = "3. Structural", "3. Structural", "{12E56812-06A2-42B8-B166-2690945F9548}"
EndProject
Project("{2150E333-8FDC-42A3-9474-1A3956D46DE8}") = "Example", "Example", "{63FB360B-86CC-4AA7-A262-81E46D513F9D}"
EndProject
Project("{2150E333-8FDC-42A3-9474-1A3956D46DE8}") = "1. Invoice", "1. Invoice", "{77A89C6F-62A8-4235-AC66-496FBAC63845}"
	ProjectSection(SolutionItems) = preProject
		1. SOLID\1. Single Responsibility Principle\Example\1. Invoice\Problem.txt = 1. SOLID\1. Single Responsibility Principle\Example\1. Invoice\Problem.txt
	EndProjectSection
EndProject
Project("{2150E333-8FDC-42A3-9474-1A3956D46DE8}") = "Bad", "Bad", "{F28582AC-D6BC-4106-A292-3F770F2215B1}"
EndProject
Project("{2150E333-8FDC-42A3-9474-1A3956D46DE8}") = "Good", "Good", "{CF3D1957-6601-4EA9-B20C-393B08F95A5D}"
EndProject
Project("{FAE04EC0-301F-11D3-BF4B-00C04F79EFBC}") = "Invoice_Good", "1. SOLID\1. Single Responsibility Principle\Example\1. Invoice\Invoice_Good\Invoice_Good.csproj", "{0270B00B-15C3-48D0-9DE1-8620099131AC}"
EndProject
Project("{FAE04EC0-301F-11D3-BF4B-00C04F79EFBC}") = "Invoice_Bad", "1. SOLID\1. Single Responsibility Principle\Example\1. Invoice\Invoice_Bad\Invoice_Bad.csproj", "{0C463A9F-2D62-485B-B101-31AC8280056B}"
EndProject
Project("{2150E333-8FDC-42A3-9474-1A3956D46DE8}") = "2. Email Sender", "2. Email Sender", "{D9181283-DCB1-4793-ADBF-ED275F05BA42}"
	ProjectSection(SolutionItems) = preProject
		1. SOLID\1. Single Responsibility Principle\Example\2. Email Sender\Problem.txt = 1. SOLID\1. Single Responsibility Principle\Example\2. Email Sender\Problem.txt
	EndProjectSection
EndProject
Project("{FAE04EC0-301F-11D3-BF4B-00C04F79EFBC}") = "EmailSender_Bad", "1. SOLID\1. Single Responsibility Principle\Example\2. Email Sender\Bad\EmailSender_Bad\EmailSender_Bad.csproj", "{B31E7E58-07CA-44AD-B4F8-30E50D96E8AD}"
EndProject
Project("{2150E333-8FDC-42A3-9474-1A3956D46DE8}") = "Bad", "Bad", "{0CFDED99-8FBA-4F9F-B532-8F7BB6A1ECE6}"
EndProject
Project("{2150E333-8FDC-42A3-9474-1A3956D46DE8}") = "Good", "Good", "{75B20FE0-1446-4277-95AA-313E5521C078}"
EndProject
Project("{FAE04EC0-301F-11D3-BF4B-00C04F79EFBC}") = "EmailSender_Good", "1. SOLID\1. Single Responsibility Principle\Example\2. Email Sender\Good\EmailSender_Good\EmailSender_Good.csproj", "{7A19B6F0-B8C1-44B5-A6A5-88F1D91CF06F}"
EndProject
Project("{2150E333-8FDC-42A3-9474-1A3956D46DE8}") = "3 Person Generator", "3 Person Generator", "{35CE37D8-81EC-41C8-8A48-DCCEE469BA89}"
	ProjectSection(SolutionItems) = preProject
		1. SOLID\1. Single Responsibility Principle\Example\3. Person Generator\Problem.txt = 1. SOLID\1. Single Responsibility Principle\Example\3. Person Generator\Problem.txt
	EndProjectSection
EndProject
Project("{2150E333-8FDC-42A3-9474-1A3956D46DE8}") = "Bad", "Bad", "{D09C3C54-1364-4606-848F-AD6DB538E08E}"
EndProject
Project("{FAE04EC0-301F-11D3-BF4B-00C04F79EFBC}") = "PersonGenerator_Bad", "1. SOLID\1. Single Responsibility Principle\Example\3. Person Generator\Bad\PersonGenerator_Bad\PersonGenerator_Bad.csproj", "{3F884227-A6D4-4EE5-BC24-94673966FB0C}"
EndProject
Project("{2150E333-8FDC-42A3-9474-1A3956D46DE8}") = "Good", "Good", "{AE66EB59-D6EE-4A24-AA5E-8F8F7D0A20DB}"
EndProject
Project("{FAE04EC0-301F-11D3-BF4B-00C04F79EFBC}") = "PersonGenerator_Good", "1. SOLID\1. Single Responsibility Principle\Example\3. Person Generator\Good\PersonGenerator_Good\PersonGenerator_Good.csproj", "{AEDB1407-0F90-41E3-864B-696C558FE959}"
EndProject
Project("{2150E333-8FDC-42A3-9474-1A3956D46DE8}") = "Strategy", "Strategy", "{69EA9E03-B176-4566-8FE3-A7975FD5E605}"
	ProjectSection(SolutionItems) = preProject
		2. Design Patterns\2. Behavioral\Strategy\Definicja.txt = 2. Design Patterns\2. Behavioral\Strategy\Definicja.txt
	EndProjectSection
EndProject
Project("{2150E333-8FDC-42A3-9474-1A3956D46DE8}") = "Example", "Example", "{E0256B2A-82B0-41F5-A7CD-44ED680FAA20}"
EndProject
Project("{2150E333-8FDC-42A3-9474-1A3956D46DE8}") = "1. Duck Simulator", "1. Duck Simulator", "{B8BC3DF8-FC81-4E60-8C06-E764B01C6122}"
	ProjectSection(SolutionItems) = preProject
		2. Design Patterns\2. Behavioral\Strategy\Example\1. Duck Simulator\Problem.txt = 2. Design Patterns\2. Behavioral\Strategy\Example\1. Duck Simulator\Problem.txt
	EndProjectSection
EndProject
Project("{2150E333-8FDC-42A3-9474-1A3956D46DE8}") = "Bad", "Bad", "{F7552249-3760-449B-9730-B8B83D144049}"
EndProject
Project("{2150E333-8FDC-42A3-9474-1A3956D46DE8}") = "Good", "Good", "{322FB390-5EDD-4445-BAB2-5F1CE140F841}"
EndProject
Project("{2150E333-8FDC-42A3-9474-1A3956D46DE8}") = ".BaseCode", ".BaseCode", "{0D668CD6-C34F-429C-BC77-4C4806DF1DCA}"
EndProject
Project("{FAE04EC0-301F-11D3-BF4B-00C04F79EFBC}") = "DuckSimulator_BaseCode", "2. Design Patterns\2. Behavioral\Strategy\Example\1. Duck Simulator\.BaseCode\DuckSimulator_BaseCode\DuckSimulator_BaseCode.csproj", "{FD8D38E1-B29D-484D-91FC-81F44C6805BE}"
EndProject
Project("{FAE04EC0-301F-11D3-BF4B-00C04F79EFBC}") = "DuckSimulator_Bad", "2. Design Patterns\2. Behavioral\Strategy\Example\1. Duck Simulator\Bad\DuckSimulator_Bad\DuckSimulator_Bad.csproj", "{C0EE654D-6113-4C2E-A86F-F3FA6BE4FD2D}"
EndProject
Project("{FAE04EC0-301F-11D3-BF4B-00C04F79EFBC}") = "DuckSimulator_Bad_2", "2. Design Patterns\2. Behavioral\Strategy\Example\1. Duck Simulator\Bad\DuckSimulator_Bad_2\DuckSimulator_Bad_2.csproj", "{0C0CAEEC-98A4-44E8-8530-6CE47537F930}"
EndProject
Project("{FAE04EC0-301F-11D3-BF4B-00C04F79EFBC}") = "DuckSimulator_Good_Strategy", "2. Design Patterns\2. Behavioral\Strategy\Example\1. Duck Simulator\Good\DuckSimulator_Good_Strategy\DuckSimulator_Good_Strategy.csproj", "{3DFF0CCB-4FC6-415B-9D5C-CC870E9CB805}"
EndProject
Project("{FAE04EC0-301F-11D3-BF4B-00C04F79EFBC}") = "DuckSim_Good_Strategy_Dynamic", "2. Design Patterns\2. Behavioral\Strategy\Example\1. Duck Simulator\Good\DuckSim_Good_Strategy_Dynamic\DuckSim_Good_Strategy_Dynamic.csproj", "{B67A43B3-769B-4220-A1F6-FB3987416B8A}"
EndProject
Project("{2150E333-8FDC-42A3-9474-1A3956D46DE8}") = "Decorator", "Decorator", "{96C8ACDE-9F03-4E53-B102-1365A96FF865}"
EndProject
Project("{2150E333-8FDC-42A3-9474-1A3956D46DE8}") = "Example", "Example", "{21748973-83F3-44A9-A50D-27B77B7D627B}"
EndProject
Project("{2150E333-8FDC-42A3-9474-1A3956D46DE8}") = "1. CafeShop", "1. CafeShop", "{D7F15457-D735-4A73-A93F-4E4DA35BA96B}"
	ProjectSection(SolutionItems) = preProject
		2. Design Patterns\3. Structural\Decorator\Example\1. CafeShop\Problem.txt = 2. Design Patterns\3. Structural\Decorator\Example\1. CafeShop\Problem.txt
	EndProjectSection
EndProject
Project("{2150E333-8FDC-42A3-9474-1A3956D46DE8}") = "Bad", "Bad", "{44B8D7F3-955D-49A7-8265-61AE81D811A0}"
EndProject
Project("{FAE04EC0-301F-11D3-BF4B-00C04F79EFBC}") = "CafeShop_Bad", "2. Design Patterns\3. Structural\Decorator\Example\1. CafeShop\Bad\CafeShop_Bad\CafeShop_Bad.csproj", "{B8111BC1-3D5D-44B1-818E-FC1FA0A22F06}"
EndProject
Project("{2150E333-8FDC-42A3-9474-1A3956D46DE8}") = ".BaseCode", ".BaseCode", "{506093FF-225E-4E37-BFB6-AD0817913E5E}"
EndProject
Project("{FAE04EC0-301F-11D3-BF4B-00C04F79EFBC}") = "CafeShop_BaseCode", "2. Design Patterns\3. Structural\Decorator\Example\1. CafeShop\.BaseCode\CafeShop_BaseCode\CafeShop_BaseCode.csproj", "{82F78134-8941-47E0-BE43-9D351BBCDC01}"
EndProject
Project("{2150E333-8FDC-42A3-9474-1A3956D46DE8}") = "Good", "Good", "{4877E9EF-74DA-49C6-A46C-38A164F9CF2E}"
EndProject
Project("{FAE04EC0-301F-11D3-BF4B-00C04F79EFBC}") = "CafeShop_Good_Decorator", "2. Design Patterns\3. Structural\Decorator\Example\1. CafeShop\Good\CafeShop_Good_Decorator\CafeShop_Good_Decorator.csproj", "{182406C7-6DFA-455B-ACC6-AF328EC7B783}"
EndProject
Project("{2150E333-8FDC-42A3-9474-1A3956D46DE8}") = "Factory", "Factory", "{7D4DDFFA-2E1C-45B3-92C0-7C188BBA44B9}"
	ProjectSection(SolutionItems) = preProject
		2. Design Patterns\1. Creational\Factory\Definicja.txt = 2. Design Patterns\1. Creational\Factory\Definicja.txt
	EndProjectSection
EndProject
Project("{2150E333-8FDC-42A3-9474-1A3956D46DE8}") = "Examples", "Examples", "{0431B53F-5034-420C-B002-599D7FEFB645}"
EndProject
Project("{2150E333-8FDC-42A3-9474-1A3956D46DE8}") = "1. MyPizza", "1. MyPizza", "{CD25928C-A57A-45DD-89FE-95CDFE32A4E1}"
	ProjectSection(SolutionItems) = preProject
		2. Design Patterns\1. Creational\Factory\Examples\1. MyPizza\Problem.txt = 2. Design Patterns\1. Creational\Factory\Examples\1. MyPizza\Problem.txt
	EndProjectSection
EndProject
Project("{2150E333-8FDC-42A3-9474-1A3956D46DE8}") = ".BaseCode", ".BaseCode", "{885B14B9-0444-43C2-B5F9-15ADA50D1FE1}"
EndProject
Project("{2150E333-8FDC-42A3-9474-1A3956D46DE8}") = "Bad", "Bad", "{9879F9A0-D1A3-4672-A8F6-2F6CA0555656}"
EndProject
Project("{2150E333-8FDC-42A3-9474-1A3956D46DE8}") = "Good", "Good", "{ED487D1D-F1AD-48E7-B181-30D173EA9162}"
EndProject
Project("{FAE04EC0-301F-11D3-BF4B-00C04F79EFBC}") = "MyPizza_BaseCode", "2. Design Patterns\1. Creational\Factory\Examples\1. MyPizza\.BaseCode\MyPizza_BaseCode\MyPizza_BaseCode.csproj", "{7B89FFF4-353B-45C8-BB70-B4B4D9B99435}"
EndProject
Project("{FAE04EC0-301F-11D3-BF4B-00C04F79EFBC}") = "MyPizza_Bad", "2. Design Patterns\1. Creational\Factory\Examples\1. MyPizza\Bad\MyPizza_Bad\MyPizza_Bad.csproj", "{42D48178-B7CB-416A-B2FC-4BCA847EBA58}"
EndProject
Project("{FAE04EC0-301F-11D3-BF4B-00C04F79EFBC}") = "MyPizza_Good_SimpleFactory", "2. Design Patterns\1. Creational\Factory\Examples\1. MyPizza\Good\MyPizza_Good_SimpleFactory\MyPizza_Good_SimpleFactory.csproj", "{70862321-3D92-4008-AE8C-1FDEE50F1FCF}"
EndProject
Project("{FAE04EC0-301F-11D3-BF4B-00C04F79EFBC}") = "MyPizza_Good_FactoryMethod", "2. Design Patterns\1. Creational\Factory\Examples\1. MyPizza\Good\MyPizza_Good_FactoryMethod\MyPizza_Good_FactoryMethod.csproj", "{18B6A30A-EF50-4B3C-89C5-795CC4ABA873}"
EndProject
Project("{FAE04EC0-301F-11D3-BF4B-00C04F79EFBC}") = "MyPizza_Good_AbstractFactory", "2. Design Patterns\1. Creational\Factory\Examples\1. MyPizza\Good\MyPizza_Good_AbstractFactory\MyPizza_Good_AbstractFactory.csproj", "{9830EE75-20C6-4A80-86CA-39973EB5FC14}"
EndProject
Global
	GlobalSection(SolutionConfigurationPlatforms) = preSolution
		Debug|Any CPU = Debug|Any CPU
		Release|Any CPU = Release|Any CPU
	EndGlobalSection
	GlobalSection(ProjectConfigurationPlatforms) = postSolution
		{0270B00B-15C3-48D0-9DE1-8620099131AC}.Debug|Any CPU.ActiveCfg = Debug|Any CPU
		{0270B00B-15C3-48D0-9DE1-8620099131AC}.Debug|Any CPU.Build.0 = Debug|Any CPU
		{0270B00B-15C3-48D0-9DE1-8620099131AC}.Release|Any CPU.ActiveCfg = Release|Any CPU
		{0270B00B-15C3-48D0-9DE1-8620099131AC}.Release|Any CPU.Build.0 = Release|Any CPU
		{0C463A9F-2D62-485B-B101-31AC8280056B}.Debug|Any CPU.ActiveCfg = Debug|Any CPU
		{0C463A9F-2D62-485B-B101-31AC8280056B}.Debug|Any CPU.Build.0 = Debug|Any CPU
		{0C463A9F-2D62-485B-B101-31AC8280056B}.Release|Any CPU.ActiveCfg = Release|Any CPU
		{0C463A9F-2D62-485B-B101-31AC8280056B}.Release|Any CPU.Build.0 = Release|Any CPU
		{B31E7E58-07CA-44AD-B4F8-30E50D96E8AD}.Debug|Any CPU.ActiveCfg = Debug|Any CPU
		{B31E7E58-07CA-44AD-B4F8-30E50D96E8AD}.Debug|Any CPU.Build.0 = Debug|Any CPU
		{B31E7E58-07CA-44AD-B4F8-30E50D96E8AD}.Release|Any CPU.ActiveCfg = Release|Any CPU
		{B31E7E58-07CA-44AD-B4F8-30E50D96E8AD}.Release|Any CPU.Build.0 = Release|Any CPU
		{7A19B6F0-B8C1-44B5-A6A5-88F1D91CF06F}.Debug|Any CPU.ActiveCfg = Debug|Any CPU
		{7A19B6F0-B8C1-44B5-A6A5-88F1D91CF06F}.Debug|Any CPU.Build.0 = Debug|Any CPU
		{7A19B6F0-B8C1-44B5-A6A5-88F1D91CF06F}.Release|Any CPU.ActiveCfg = Release|Any CPU
		{7A19B6F0-B8C1-44B5-A6A5-88F1D91CF06F}.Release|Any CPU.Build.0 = Release|Any CPU
		{3F884227-A6D4-4EE5-BC24-94673966FB0C}.Debug|Any CPU.ActiveCfg = Debug|Any CPU
		{3F884227-A6D4-4EE5-BC24-94673966FB0C}.Debug|Any CPU.Build.0 = Debug|Any CPU
		{3F884227-A6D4-4EE5-BC24-94673966FB0C}.Release|Any CPU.ActiveCfg = Release|Any CPU
		{3F884227-A6D4-4EE5-BC24-94673966FB0C}.Release|Any CPU.Build.0 = Release|Any CPU
		{AEDB1407-0F90-41E3-864B-696C558FE959}.Debug|Any CPU.ActiveCfg = Debug|Any CPU
		{AEDB1407-0F90-41E3-864B-696C558FE959}.Debug|Any CPU.Build.0 = Debug|Any CPU
		{AEDB1407-0F90-41E3-864B-696C558FE959}.Release|Any CPU.ActiveCfg = Release|Any CPU
		{AEDB1407-0F90-41E3-864B-696C558FE959}.Release|Any CPU.Build.0 = Release|Any CPU
		{FD8D38E1-B29D-484D-91FC-81F44C6805BE}.Debug|Any CPU.ActiveCfg = Debug|Any CPU
		{FD8D38E1-B29D-484D-91FC-81F44C6805BE}.Debug|Any CPU.Build.0 = Debug|Any CPU
		{FD8D38E1-B29D-484D-91FC-81F44C6805BE}.Release|Any CPU.ActiveCfg = Release|Any CPU
		{FD8D38E1-B29D-484D-91FC-81F44C6805BE}.Release|Any CPU.Build.0 = Release|Any CPU
		{C0EE654D-6113-4C2E-A86F-F3FA6BE4FD2D}.Debug|Any CPU.ActiveCfg = Debug|Any CPU
		{C0EE654D-6113-4C2E-A86F-F3FA6BE4FD2D}.Debug|Any CPU.Build.0 = Debug|Any CPU
		{C0EE654D-6113-4C2E-A86F-F3FA6BE4FD2D}.Release|Any CPU.ActiveCfg = Release|Any CPU
		{C0EE654D-6113-4C2E-A86F-F3FA6BE4FD2D}.Release|Any CPU.Build.0 = Release|Any CPU
		{0C0CAEEC-98A4-44E8-8530-6CE47537F930}.Debug|Any CPU.ActiveCfg = Debug|Any CPU
		{0C0CAEEC-98A4-44E8-8530-6CE47537F930}.Debug|Any CPU.Build.0 = Debug|Any CPU
		{0C0CAEEC-98A4-44E8-8530-6CE47537F930}.Release|Any CPU.ActiveCfg = Release|Any CPU
		{0C0CAEEC-98A4-44E8-8530-6CE47537F930}.Release|Any CPU.Build.0 = Release|Any CPU
		{3DFF0CCB-4FC6-415B-9D5C-CC870E9CB805}.Debug|Any CPU.ActiveCfg = Debug|Any CPU
		{3DFF0CCB-4FC6-415B-9D5C-CC870E9CB805}.Debug|Any CPU.Build.0 = Debug|Any CPU
		{3DFF0CCB-4FC6-415B-9D5C-CC870E9CB805}.Release|Any CPU.ActiveCfg = Release|Any CPU
		{3DFF0CCB-4FC6-415B-9D5C-CC870E9CB805}.Release|Any CPU.Build.0 = Release|Any CPU
		{B67A43B3-769B-4220-A1F6-FB3987416B8A}.Debug|Any CPU.ActiveCfg = Debug|Any CPU
		{B67A43B3-769B-4220-A1F6-FB3987416B8A}.Debug|Any CPU.Build.0 = Debug|Any CPU
		{B67A43B3-769B-4220-A1F6-FB3987416B8A}.Release|Any CPU.ActiveCfg = Release|Any CPU
		{B67A43B3-769B-4220-A1F6-FB3987416B8A}.Release|Any CPU.Build.0 = Release|Any CPU
		{B8111BC1-3D5D-44B1-818E-FC1FA0A22F06}.Debug|Any CPU.ActiveCfg = Debug|Any CPU
		{B8111BC1-3D5D-44B1-818E-FC1FA0A22F06}.Debug|Any CPU.Build.0 = Debug|Any CPU
		{B8111BC1-3D5D-44B1-818E-FC1FA0A22F06}.Release|Any CPU.ActiveCfg = Release|Any CPU
		{B8111BC1-3D5D-44B1-818E-FC1FA0A22F06}.Release|Any CPU.Build.0 = Release|Any CPU
		{82F78134-8941-47E0-BE43-9D351BBCDC01}.Debug|Any CPU.ActiveCfg = Debug|Any CPU
		{82F78134-8941-47E0-BE43-9D351BBCDC01}.Debug|Any CPU.Build.0 = Debug|Any CPU
		{82F78134-8941-47E0-BE43-9D351BBCDC01}.Release|Any CPU.ActiveCfg = Release|Any CPU
		{82F78134-8941-47E0-BE43-9D351BBCDC01}.Release|Any CPU.Build.0 = Release|Any CPU
		{182406C7-6DFA-455B-ACC6-AF328EC7B783}.Debug|Any CPU.ActiveCfg = Debug|Any CPU
		{182406C7-6DFA-455B-ACC6-AF328EC7B783}.Debug|Any CPU.Build.0 = Debug|Any CPU
		{182406C7-6DFA-455B-ACC6-AF328EC7B783}.Release|Any CPU.ActiveCfg = Release|Any CPU
		{182406C7-6DFA-455B-ACC6-AF328EC7B783}.Release|Any CPU.Build.0 = Release|Any CPU
		{7B89FFF4-353B-45C8-BB70-B4B4D9B99435}.Debug|Any CPU.ActiveCfg = Debug|Any CPU
		{7B89FFF4-353B-45C8-BB70-B4B4D9B99435}.Debug|Any CPU.Build.0 = Debug|Any CPU
		{7B89FFF4-353B-45C8-BB70-B4B4D9B99435}.Release|Any CPU.ActiveCfg = Release|Any CPU
		{7B89FFF4-353B-45C8-BB70-B4B4D9B99435}.Release|Any CPU.Build.0 = Release|Any CPU
		{42D48178-B7CB-416A-B2FC-4BCA847EBA58}.Debug|Any CPU.ActiveCfg = Debug|Any CPU
		{42D48178-B7CB-416A-B2FC-4BCA847EBA58}.Debug|Any CPU.Build.0 = Debug|Any CPU
		{42D48178-B7CB-416A-B2FC-4BCA847EBA58}.Release|Any CPU.ActiveCfg = Release|Any CPU
		{42D48178-B7CB-416A-B2FC-4BCA847EBA58}.Release|Any CPU.Build.0 = Release|Any CPU
		{70862321-3D92-4008-AE8C-1FDEE50F1FCF}.Debug|Any CPU.ActiveCfg = Debug|Any CPU
		{70862321-3D92-4008-AE8C-1FDEE50F1FCF}.Debug|Any CPU.Build.0 = Debug|Any CPU
		{70862321-3D92-4008-AE8C-1FDEE50F1FCF}.Release|Any CPU.ActiveCfg = Release|Any CPU
		{70862321-3D92-4008-AE8C-1FDEE50F1FCF}.Release|Any CPU.Build.0 = Release|Any CPU
		{18B6A30A-EF50-4B3C-89C5-795CC4ABA873}.Debug|Any CPU.ActiveCfg = Debug|Any CPU
		{18B6A30A-EF50-4B3C-89C5-795CC4ABA873}.Debug|Any CPU.Build.0 = Debug|Any CPU
		{18B6A30A-EF50-4B3C-89C5-795CC4ABA873}.Release|Any CPU.ActiveCfg = Release|Any CPU
		{18B6A30A-EF50-4B3C-89C5-795CC4ABA873}.Release|Any CPU.Build.0 = Release|Any CPU
		{9830EE75-20C6-4A80-86CA-39973EB5FC14}.Debug|Any CPU.ActiveCfg = Debug|Any CPU
		{9830EE75-20C6-4A80-86CA-39973EB5FC14}.Debug|Any CPU.Build.0 = Debug|Any CPU
		{9830EE75-20C6-4A80-86CA-39973EB5FC14}.Release|Any CPU.ActiveCfg = Release|Any CPU
		{9830EE75-20C6-4A80-86CA-39973EB5FC14}.Release|Any CPU.Build.0 = Release|Any CPU
	EndGlobalSection
	GlobalSection(SolutionProperties) = preSolution
		HideSolutionNode = FALSE
	EndGlobalSection
	GlobalSection(NestedProjects) = preSolution
		{6079AE83-3F1A-4081-A954-4882ECF770A3} = {2148159A-C80A-457E-B258-D30DB36720B4}
		{CB650942-3D54-4BEC-A096-8E1DD2F9FC06} = {2148159A-C80A-457E-B258-D30DB36720B4}
		{294A964B-E148-447F-832A-5C80923C433D} = {2148159A-C80A-457E-B258-D30DB36720B4}
		{6FD54338-CA08-48FA-9389-4E8557850202} = {2148159A-C80A-457E-B258-D30DB36720B4}
		{0D6F83B3-097E-498B-ADCB-3252C21525E3} = {2148159A-C80A-457E-B258-D30DB36720B4}
		{332C86D4-D167-489D-851F-CC3F08AE739D} = {819EEC2F-958C-4409-A5B5-F203D5D06C8A}
		{F196E099-CA04-4353-8D69-6AA10BB1FA0A} = {819EEC2F-958C-4409-A5B5-F203D5D06C8A}
		{12E56812-06A2-42B8-B166-2690945F9548} = {819EEC2F-958C-4409-A5B5-F203D5D06C8A}
		{63FB360B-86CC-4AA7-A262-81E46D513F9D} = {6079AE83-3F1A-4081-A954-4882ECF770A3}
		{77A89C6F-62A8-4235-AC66-496FBAC63845} = {63FB360B-86CC-4AA7-A262-81E46D513F9D}
		{F28582AC-D6BC-4106-A292-3F770F2215B1} = {77A89C6F-62A8-4235-AC66-496FBAC63845}
		{CF3D1957-6601-4EA9-B20C-393B08F95A5D} = {77A89C6F-62A8-4235-AC66-496FBAC63845}
		{0270B00B-15C3-48D0-9DE1-8620099131AC} = {CF3D1957-6601-4EA9-B20C-393B08F95A5D}
		{0C463A9F-2D62-485B-B101-31AC8280056B} = {F28582AC-D6BC-4106-A292-3F770F2215B1}
		{D9181283-DCB1-4793-ADBF-ED275F05BA42} = {63FB360B-86CC-4AA7-A262-81E46D513F9D}
		{B31E7E58-07CA-44AD-B4F8-30E50D96E8AD} = {0CFDED99-8FBA-4F9F-B532-8F7BB6A1ECE6}
		{0CFDED99-8FBA-4F9F-B532-8F7BB6A1ECE6} = {D9181283-DCB1-4793-ADBF-ED275F05BA42}
		{75B20FE0-1446-4277-95AA-313E5521C078} = {D9181283-DCB1-4793-ADBF-ED275F05BA42}
		{7A19B6F0-B8C1-44B5-A6A5-88F1D91CF06F} = {75B20FE0-1446-4277-95AA-313E5521C078}
		{35CE37D8-81EC-41C8-8A48-DCCEE469BA89} = {63FB360B-86CC-4AA7-A262-81E46D513F9D}
		{D09C3C54-1364-4606-848F-AD6DB538E08E} = {35CE37D8-81EC-41C8-8A48-DCCEE469BA89}
		{3F884227-A6D4-4EE5-BC24-94673966FB0C} = {D09C3C54-1364-4606-848F-AD6DB538E08E}
		{AE66EB59-D6EE-4A24-AA5E-8F8F7D0A20DB} = {35CE37D8-81EC-41C8-8A48-DCCEE469BA89}
		{AEDB1407-0F90-41E3-864B-696C558FE959} = {AE66EB59-D6EE-4A24-AA5E-8F8F7D0A20DB}
		{69EA9E03-B176-4566-8FE3-A7975FD5E605} = {F196E099-CA04-4353-8D69-6AA10BB1FA0A}
		{E0256B2A-82B0-41F5-A7CD-44ED680FAA20} = {69EA9E03-B176-4566-8FE3-A7975FD5E605}
		{B8BC3DF8-FC81-4E60-8C06-E764B01C6122} = {E0256B2A-82B0-41F5-A7CD-44ED680FAA20}
		{F7552249-3760-449B-9730-B8B83D144049} = {B8BC3DF8-FC81-4E60-8C06-E764B01C6122}
		{322FB390-5EDD-4445-BAB2-5F1CE140F841} = {B8BC3DF8-FC81-4E60-8C06-E764B01C6122}
		{0D668CD6-C34F-429C-BC77-4C4806DF1DCA} = {B8BC3DF8-FC81-4E60-8C06-E764B01C6122}
		{FD8D38E1-B29D-484D-91FC-81F44C6805BE} = {0D668CD6-C34F-429C-BC77-4C4806DF1DCA}
		{C0EE654D-6113-4C2E-A86F-F3FA6BE4FD2D} = {F7552249-3760-449B-9730-B8B83D144049}
		{0C0CAEEC-98A4-44E8-8530-6CE47537F930} = {F7552249-3760-449B-9730-B8B83D144049}
		{3DFF0CCB-4FC6-415B-9D5C-CC870E9CB805} = {322FB390-5EDD-4445-BAB2-5F1CE140F841}
		{B67A43B3-769B-4220-A1F6-FB3987416B8A} = {322FB390-5EDD-4445-BAB2-5F1CE140F841}
		{96C8ACDE-9F03-4E53-B102-1365A96FF865} = {12E56812-06A2-42B8-B166-2690945F9548}
		{21748973-83F3-44A9-A50D-27B77B7D627B} = {96C8ACDE-9F03-4E53-B102-1365A96FF865}
		{D7F15457-D735-4A73-A93F-4E4DA35BA96B} = {21748973-83F3-44A9-A50D-27B77B7D627B}
		{44B8D7F3-955D-49A7-8265-61AE81D811A0} = {D7F15457-D735-4A73-A93F-4E4DA35BA96B}
		{B8111BC1-3D5D-44B1-818E-FC1FA0A22F06} = {44B8D7F3-955D-49A7-8265-61AE81D811A0}
		{506093FF-225E-4E37-BFB6-AD0817913E5E} = {D7F15457-D735-4A73-A93F-4E4DA35BA96B}
		{82F78134-8941-47E0-BE43-9D351BBCDC01} = {506093FF-225E-4E37-BFB6-AD0817913E5E}
		{4877E9EF-74DA-49C6-A46C-38A164F9CF2E} = {D7F15457-D735-4A73-A93F-4E4DA35BA96B}
		{182406C7-6DFA-455B-ACC6-AF328EC7B783} = {4877E9EF-74DA-49C6-A46C-38A164F9CF2E}
		{7D4DDFFA-2E1C-45B3-92C0-7C188BBA44B9} = {332C86D4-D167-489D-851F-CC3F08AE739D}
		{0431B53F-5034-420C-B002-599D7FEFB645} = {7D4DDFFA-2E1C-45B3-92C0-7C188BBA44B9}
		{CD25928C-A57A-45DD-89FE-95CDFE32A4E1} = {0431B53F-5034-420C-B002-599D7FEFB645}
		{885B14B9-0444-43C2-B5F9-15ADA50D1FE1} = {CD25928C-A57A-45DD-89FE-95CDFE32A4E1}
		{9879F9A0-D1A3-4672-A8F6-2F6CA0555656} = {CD25928C-A57A-45DD-89FE-95CDFE32A4E1}
		{ED487D1D-F1AD-48E7-B181-30D173EA9162} = {CD25928C-A57A-45DD-89FE-95CDFE32A4E1}
		{7B89FFF4-353B-45C8-BB70-B4B4D9B99435} = {885B14B9-0444-43C2-B5F9-15ADA50D1FE1}
		{42D48178-B7CB-416A-B2FC-4BCA847EBA58} = {9879F9A0-D1A3-4672-A8F6-2F6CA0555656}
		{70862321-3D92-4008-AE8C-1FDEE50F1FCF} = {ED487D1D-F1AD-48E7-B181-30D173EA9162}
		{18B6A30A-EF50-4B3C-89C5-795CC4ABA873} = {ED487D1D-F1AD-48E7-B181-30D173EA9162}
		{9830EE75-20C6-4A80-86CA-39973EB5FC14} = {ED487D1D-F1AD-48E7-B181-30D173EA9162}
	EndGlobalSection
	GlobalSection(ExtensibilityGlobals) = postSolution
		SolutionGuid = {B11184AF-F382-4185-9B51-34ED1D6F70E5}
	EndGlobalSection
EndGlobal
