
Microsoft Visual Studio Solution File, Format Version 12.00
# Visual Studio Version 16
VisualStudioVersion = 16.0.31729.503
MinimumVisualStudioVersion = 10.0.40219.1
Project("{2150E333-8FDC-42A3-9474-1A3956D46DE8}") = "1. SOLID", "1. SOLID", "{2148159A-C80A-457E-B258-D30DB36720B4}"
EndProject
Project("{2150E333-8FDC-42A3-9474-1A3956D46DE8}") = "2. Design Patterns", "2. Design Patterns", "{819EEC2F-958C-4409-A5B5-F203D5D06C8A}"
EndProject
Project("{2150E333-8FDC-42A3-9474-1A3956D46DE8}") = "1. Single Responsibility Principle", "1. Single Responsibility Principle", "{6079AE83-3F1A-4081-A954-4882ECF770A3}"
EndProject
Project("{2150E333-8FDC-42A3-9474-1A3956D46DE8}") = "2. Open Close Principle", "2. Open Close Principle", "{CB650942-3D54-4BEC-A096-8E1DD2F9FC06}"
EndProject
Project("{2150E333-8FDC-42A3-9474-1A3956D46DE8}") = "3. Liskov Substitution Principle", "3. Liskov Substitution Principle", "{294A964B-E148-447F-832A-5C80923C433D}"
EndProject
Project("{2150E333-8FDC-42A3-9474-1A3956D46DE8}") = "4. Interface Segregation Principle", "4. Interface Segregation Principle", "{6FD54338-CA08-48FA-9389-4E8557850202}"
EndProject
Project("{2150E333-8FDC-42A3-9474-1A3956D46DE8}") = "5. Dependency Inversion Principle", "5. Dependency Inversion Principle", "{0D6F83B3-097E-498B-ADCB-3252C21525E3}"
EndProject
Project("{2150E333-8FDC-42A3-9474-1A3956D46DE8}") = "1. Creational", "1. Creational", "{332C86D4-D167-489D-851F-CC3F08AE739D}"
EndProject
Project("{2150E333-8FDC-42A3-9474-1A3956D46DE8}") = "2. Behavioral", "2. Behavioral", "{F196E099-CA04-4353-8D69-6AA10BB1FA0A}"
EndProject
Project("{2150E333-8FDC-42A3-9474-1A3956D46DE8}") = "3. Structural", "3. Structural", "{12E56812-06A2-42B8-B166-2690945F9548}"
EndProject
Project("{2150E333-8FDC-42A3-9474-1A3956D46DE8}") = "Example", "Example", "{63FB360B-86CC-4AA7-A262-81E46D513F9D}"
EndProject
Project("{2150E333-8FDC-42A3-9474-1A3956D46DE8}") = "1. Invoice", "1. Invoice", "{77A89C6F-62A8-4235-AC66-496FBAC63845}"
	ProjectSection(SolutionItems) = preProject
		1. SOLID\1. Single Responsibility Principle\Example\1. Invoice\Problem.txt = 1. SOLID\1. Single Responsibility Principle\Example\1. Invoice\Problem.txt
	EndProjectSection
EndProject
Project("{2150E333-8FDC-42A3-9474-1A3956D46DE8}") = "Bad", "Bad", "{F28582AC-D6BC-4106-A292-3F770F2215B1}"
EndProject
Project("{2150E333-8FDC-42A3-9474-1A3956D46DE8}") = "Good", "Good", "{CF3D1957-6601-4EA9-B20C-393B08F95A5D}"
EndProject
Project("{FAE04EC0-301F-11D3-BF4B-00C04F79EFBC}") = "Invoice_Good", "1. SOLID\1. Single Responsibility Principle\Example\1. Invoice\Invoice_Good\Invoice_Good.csproj", "{0270B00B-15C3-48D0-9DE1-8620099131AC}"
EndProject
Project("{FAE04EC0-301F-11D3-BF4B-00C04F79EFBC}") = "Invoice_Bad", "1. SOLID\1. Single Responsibility Principle\Example\1. Invoice\Invoice_Bad\Invoice_Bad.csproj", "{0C463A9F-2D62-485B-B101-31AC8280056B}"
EndProject
Project("{2150E333-8FDC-42A3-9474-1A3956D46DE8}") = "2. Email Sender", "2. Email Sender", "{D9181283-DCB1-4793-ADBF-ED275F05BA42}"
	ProjectSection(SolutionItems) = preProject
		1. SOLID\1. Single Responsibility Principle\Example\2. Email Sender\Problem.txt = 1. SOLID\1. Single Responsibility Principle\Example\2. Email Sender\Problem.txt
	EndProjectSection
EndProject
Project("{FAE04EC0-301F-11D3-BF4B-00C04F79EFBC}") = "EmailSender_Bad", "1. SOLID\1. Single Responsibility Principle\Example\2. Email Sender\Bad\EmailSender_Bad\EmailSender_Bad.csproj", "{B31E7E58-07CA-44AD-B4F8-30E50D96E8AD}"
EndProject
Project("{2150E333-8FDC-42A3-9474-1A3956D46DE8}") = "Bad", "Bad", "{0CFDED99-8FBA-4F9F-B532-8F7BB6A1ECE6}"
EndProject
Project("{2150E333-8FDC-42A3-9474-1A3956D46DE8}") = "Good", "Good", "{75B20FE0-1446-4277-95AA-313E5521C078}"
EndProject
Project("{FAE04EC0-301F-11D3-BF4B-00C04F79EFBC}") = "EmailSender_Good", "1. SOLID\1. Single Responsibility Principle\Example\2. Email Sender\Good\EmailSender_Good\EmailSender_Good.csproj", "{7A19B6F0-B8C1-44B5-A6A5-88F1D91CF06F}"
EndProject
Global
	GlobalSection(SolutionConfigurationPlatforms) = preSolution
		Debug|Any CPU = Debug|Any CPU
		Release|Any CPU = Release|Any CPU
	EndGlobalSection
	GlobalSection(ProjectConfigurationPlatforms) = postSolution
		{0270B00B-15C3-48D0-9DE1-8620099131AC}.Debug|Any CPU.ActiveCfg = Debug|Any CPU
		{0270B00B-15C3-48D0-9DE1-8620099131AC}.Debug|Any CPU.Build.0 = Debug|Any CPU
		{0270B00B-15C3-48D0-9DE1-8620099131AC}.Release|Any CPU.ActiveCfg = Release|Any CPU
		{0270B00B-15C3-48D0-9DE1-8620099131AC}.Release|Any CPU.Build.0 = Release|Any CPU
		{0C463A9F-2D62-485B-B101-31AC8280056B}.Debug|Any CPU.ActiveCfg = Debug|Any CPU
		{0C463A9F-2D62-485B-B101-31AC8280056B}.Debug|Any CPU.Build.0 = Debug|Any CPU
		{0C463A9F-2D62-485B-B101-31AC8280056B}.Release|Any CPU.ActiveCfg = Release|Any CPU
		{0C463A9F-2D62-485B-B101-31AC8280056B}.Release|Any CPU.Build.0 = Release|Any CPU
		{B31E7E58-07CA-44AD-B4F8-30E50D96E8AD}.Debug|Any CPU.ActiveCfg = Debug|Any CPU
		{B31E7E58-07CA-44AD-B4F8-30E50D96E8AD}.Debug|Any CPU.Build.0 = Debug|Any CPU
		{B31E7E58-07CA-44AD-B4F8-30E50D96E8AD}.Release|Any CPU.ActiveCfg = Release|Any CPU
		{B31E7E58-07CA-44AD-B4F8-30E50D96E8AD}.Release|Any CPU.Build.0 = Release|Any CPU
		{7A19B6F0-B8C1-44B5-A6A5-88F1D91CF06F}.Debug|Any CPU.ActiveCfg = Debug|Any CPU
		{7A19B6F0-B8C1-44B5-A6A5-88F1D91CF06F}.Debug|Any CPU.Build.0 = Debug|Any CPU
		{7A19B6F0-B8C1-44B5-A6A5-88F1D91CF06F}.Release|Any CPU.ActiveCfg = Release|Any CPU
		{7A19B6F0-B8C1-44B5-A6A5-88F1D91CF06F}.Release|Any CPU.Build.0 = Release|Any CPU
	EndGlobalSection
	GlobalSection(SolutionProperties) = preSolution
		HideSolutionNode = FALSE
	EndGlobalSection
	GlobalSection(NestedProjects) = preSolution
		{6079AE83-3F1A-4081-A954-4882ECF770A3} = {2148159A-C80A-457E-B258-D30DB36720B4}
		{CB650942-3D54-4BEC-A096-8E1DD2F9FC06} = {2148159A-C80A-457E-B258-D30DB36720B4}
		{294A964B-E148-447F-832A-5C80923C433D} = {2148159A-C80A-457E-B258-D30DB36720B4}
		{6FD54338-CA08-48FA-9389-4E8557850202} = {2148159A-C80A-457E-B258-D30DB36720B4}
		{0D6F83B3-097E-498B-ADCB-3252C21525E3} = {2148159A-C80A-457E-B258-D30DB36720B4}
		{332C86D4-D167-489D-851F-CC3F08AE739D} = {819EEC2F-958C-4409-A5B5-F203D5D06C8A}
		{F196E099-CA04-4353-8D69-6AA10BB1FA0A} = {819EEC2F-958C-4409-A5B5-F203D5D06C8A}
		{12E56812-06A2-42B8-B166-2690945F9548} = {819EEC2F-958C-4409-A5B5-F203D5D06C8A}
		{63FB360B-86CC-4AA7-A262-81E46D513F9D} = {6079AE83-3F1A-4081-A954-4882ECF770A3}
		{77A89C6F-62A8-4235-AC66-496FBAC63845} = {63FB360B-86CC-4AA7-A262-81E46D513F9D}
		{F28582AC-D6BC-4106-A292-3F770F2215B1} = {77A89C6F-62A8-4235-AC66-496FBAC63845}
		{CF3D1957-6601-4EA9-B20C-393B08F95A5D} = {77A89C6F-62A8-4235-AC66-496FBAC63845}
		{0270B00B-15C3-48D0-9DE1-8620099131AC} = {CF3D1957-6601-4EA9-B20C-393B08F95A5D}
		{0C463A9F-2D62-485B-B101-31AC8280056B} = {F28582AC-D6BC-4106-A292-3F770F2215B1}
		{D9181283-DCB1-4793-ADBF-ED275F05BA42} = {63FB360B-86CC-4AA7-A262-81E46D513F9D}
		{B31E7E58-07CA-44AD-B4F8-30E50D96E8AD} = {0CFDED99-8FBA-4F9F-B532-8F7BB6A1ECE6}
		{0CFDED99-8FBA-4F9F-B532-8F7BB6A1ECE6} = {D9181283-DCB1-4793-ADBF-ED275F05BA42}
		{75B20FE0-1446-4277-95AA-313E5521C078} = {D9181283-DCB1-4793-ADBF-ED275F05BA42}
		{7A19B6F0-B8C1-44B5-A6A5-88F1D91CF06F} = {75B20FE0-1446-4277-95AA-313E5521C078}
	EndGlobalSection
	GlobalSection(ExtensibilityGlobals) = postSolution
		SolutionGuid = {B11184AF-F382-4185-9B51-34ED1D6F70E5}
	EndGlobalSection
EndGlobal
